// !$*UTF8*$!
{
	archiveVersion = 1;
	classes = {
	};
	objectVersion = 46;
	objects = {

/* Begin PBXBuildFile section */
		FA57E4601E7B551F00FB36D3 /* AddFeatureController.swift in Sources */ = {isa = PBXBuildFile; fileRef = FA57E45F1E7B551F00FB36D3 /* AddFeatureController.swift */; };
		FA59C9931E79CF38005A0BDA /* TabBarController.swift in Sources */ = {isa = PBXBuildFile; fileRef = FA59C9921E79CF38005A0BDA /* TabBarController.swift */; };
		FA59C9951E79D25A005A0BDA /* RegisterController.swift in Sources */ = {isa = PBXBuildFile; fileRef = FA59C9941E79D25A005A0BDA /* RegisterController.swift */; };
		FA59C9971E79D272005A0BDA /* LogInController.swift in Sources */ = {isa = PBXBuildFile; fileRef = FA59C9961E79D272005A0BDA /* LogInController.swift */; };
		FA7613E21F5DD0C80033026F /* PlaceViewController.swift in Sources */ = {isa = PBXBuildFile; fileRef = FA7613E11F5DD0C80033026F /* PlaceViewController.swift */; };
		FAA45A291F54B32800E6E78C /* Place.swift in Sources */ = {isa = PBXBuildFile; fileRef = FAA45A281F54B32800E6E78C /* Place.swift */; };
		FAA45A2B1F54ECC700E6E78C /* RatingControl.swift in Sources */ = {isa = PBXBuildFile; fileRef = FAA45A2A1F54ECC700E6E78C /* RatingControl.swift */; };
		FAC8119B1F5E461D00F1D9C3 /* PlaceAnnotation.swift in Sources */ = {isa = PBXBuildFile; fileRef = FAC8119A1F5E461D00F1D9C3 /* PlaceAnnotation.swift */; };
		FAF0C93A1E5676B900C5E52B /* AppDelegate.swift in Sources */ = {isa = PBXBuildFile; fileRef = FAF0C9391E5676B900C5E52B /* AppDelegate.swift */; };
		FAF0C93C1E5676B900C5E52B /* ViewController.swift in Sources */ = {isa = PBXBuildFile; fileRef = FAF0C93B1E5676B900C5E52B /* ViewController.swift */; };
		FAF0C93F1E5676B900C5E52B /* Main.storyboard in Resources */ = {isa = PBXBuildFile; fileRef = FAF0C93D1E5676B900C5E52B /* Main.storyboard */; };
		FAF0C9411E5676B900C5E52B /* Assets.xcassets in Resources */ = {isa = PBXBuildFile; fileRef = FAF0C9401E5676B900C5E52B /* Assets.xcassets */; };
		FAF0C9441E5676B900C5E52B /* LaunchScreen.storyboard in Resources */ = {isa = PBXBuildFile; fileRef = FAF0C9421E5676B900C5E52B /* LaunchScreen.storyboard */; };
		FAF0C94F1E5676B900C5E52B /* map_searchTests.swift in Sources */ = {isa = PBXBuildFile; fileRef = FAF0C94E1E5676B900C5E52B /* map_searchTests.swift */; };
		FAF0C95A1E5676B900C5E52B /* map_searchUITests.swift in Sources */ = {isa = PBXBuildFile; fileRef = FAF0C9591E5676B900C5E52B /* map_searchUITests.swift */; };
		FAF0C9681E56792400C5E52B /* MapViewController.swift in Sources */ = {isa = PBXBuildFile; fileRef = FAF0C9671E56792400C5E52B /* MapViewController.swift */; };
		FAF92C991EA8194F0070C5B2 /* PlaceTableViewCell.swift in Sources */ = {isa = PBXBuildFile; fileRef = FAF92C981EA8194F0070C5B2 /* PlaceTableViewCell.swift */; };
/* End PBXBuildFile section */

/* Begin PBXContainerItemProxy section */
		FAF0C94B1E5676B900C5E52B /* PBXContainerItemProxy */ = {
			isa = PBXContainerItemProxy;
			containerPortal = FAF0C92E1E5676B900C5E52B /* Project object */;
			proxyType = 1;
			remoteGlobalIDString = FAF0C9351E5676B900C5E52B;
			remoteInfo = "map-search";
		};
		FAF0C9561E5676B900C5E52B /* PBXContainerItemProxy */ = {
			isa = PBXContainerItemProxy;
			containerPortal = FAF0C92E1E5676B900C5E52B /* Project object */;
			proxyType = 1;
			remoteGlobalIDString = FAF0C9351E5676B900C5E52B;
			remoteInfo = "map-search";
		};
/* End PBXContainerItemProxy section */

/* Begin PBXFileReference section */
		FA57E45F1E7B551F00FB36D3 /* AddFeatureController.swift */ = {isa = PBXFileReference; fileEncoding = 4; lastKnownFileType = sourcecode.swift; path = AddFeatureController.swift; sourceTree = "<group>"; };
		FA59C9921E79CF38005A0BDA /* TabBarController.swift */ = {isa = PBXFileReference; fileEncoding = 4; lastKnownFileType = sourcecode.swift; path = TabBarController.swift; sourceTree = "<group>"; };
		FA59C9941E79D25A005A0BDA /* RegisterController.swift */ = {isa = PBXFileReference; fileEncoding = 4; lastKnownFileType = sourcecode.swift; path = RegisterController.swift; sourceTree = "<group>"; };
		FA59C9961E79D272005A0BDA /* LogInController.swift */ = {isa = PBXFileReference; fileEncoding = 4; lastKnownFileType = sourcecode.swift; path = LogInController.swift; sourceTree = "<group>"; };
		FA7613E11F5DD0C80033026F /* PlaceViewController.swift */ = {isa = PBXFileReference; fileEncoding = 4; lastKnownFileType = sourcecode.swift; path = PlaceViewController.swift; sourceTree = "<group>"; };
		FAA45A281F54B32800E6E78C /* Place.swift */ = {isa = PBXFileReference; fileEncoding = 4; lastKnownFileType = sourcecode.swift; path = Place.swift; sourceTree = "<group>"; };
		FAA45A2A1F54ECC700E6E78C /* RatingControl.swift */ = {isa = PBXFileReference; fileEncoding = 4; lastKnownFileType = sourcecode.swift; path = RatingControl.swift; sourceTree = "<group>"; };
		FAC8119A1F5E461D00F1D9C3 /* PlaceAnnotation.swift */ = {isa = PBXFileReference; fileEncoding = 4; lastKnownFileType = sourcecode.swift; path = PlaceAnnotation.swift; sourceTree = "<group>"; };
		FAF0C9361E5676B900C5E52B /* map-search.app */ = {isa = PBXFileReference; explicitFileType = wrapper.application; includeInIndex = 0; path = "map-search.app"; sourceTree = BUILT_PRODUCTS_DIR; };
		FAF0C9391E5676B900C5E52B /* AppDelegate.swift */ = {isa = PBXFileReference; lastKnownFileType = sourcecode.swift; path = AppDelegate.swift; sourceTree = "<group>"; };
		FAF0C93B1E5676B900C5E52B /* ViewController.swift */ = {isa = PBXFileReference; lastKnownFileType = sourcecode.swift; path = ViewController.swift; sourceTree = "<group>"; };
		FAF0C93E1E5676B900C5E52B /* Base */ = {isa = PBXFileReference; lastKnownFileType = file.storyboard; name = Base; path = Base.lproj/Main.storyboard; sourceTree = "<group>"; };
		FAF0C9401E5676B900C5E52B /* Assets.xcassets */ = {isa = PBXFileReference; lastKnownFileType = folder.assetcatalog; path = Assets.xcassets; sourceTree = "<group>"; };
		FAF0C9431E5676B900C5E52B /* Base */ = {isa = PBXFileReference; lastKnownFileType = file.storyboard; name = Base; path = Base.lproj/LaunchScreen.storyboard; sourceTree = "<group>"; };
		FAF0C9451E5676B900C5E52B /* Info.plist */ = {isa = PBXFileReference; lastKnownFileType = text.plist.xml; path = Info.plist; sourceTree = "<group>"; };
		FAF0C94A1E5676B900C5E52B /* map-searchTests.xctest */ = {isa = PBXFileReference; explicitFileType = wrapper.cfbundle; includeInIndex = 0; path = "map-searchTests.xctest"; sourceTree = BUILT_PRODUCTS_DIR; };
		FAF0C94E1E5676B900C5E52B /* map_searchTests.swift */ = {isa = PBXFileReference; lastKnownFileType = sourcecode.swift; path = map_searchTests.swift; sourceTree = "<group>"; };
		FAF0C9501E5676B900C5E52B /* Info.plist */ = {isa = PBXFileReference; lastKnownFileType = text.plist.xml; path = Info.plist; sourceTree = "<group>"; };
		FAF0C9551E5676B900C5E52B /* map-searchUITests.xctest */ = {isa = PBXFileReference; explicitFileType = wrapper.cfbundle; includeInIndex = 0; path = "map-searchUITests.xctest"; sourceTree = BUILT_PRODUCTS_DIR; };
		FAF0C9591E5676B900C5E52B /* map_searchUITests.swift */ = {isa = PBXFileReference; lastKnownFileType = sourcecode.swift; path = map_searchUITests.swift; sourceTree = "<group>"; };
		FAF0C95B1E5676B900C5E52B /* Info.plist */ = {isa = PBXFileReference; lastKnownFileType = text.plist.xml; path = Info.plist; sourceTree = "<group>"; };
		FAF0C9671E56792400C5E52B /* MapViewController.swift */ = {isa = PBXFileReference; fileEncoding = 4; lastKnownFileType = sourcecode.swift; path = MapViewController.swift; sourceTree = "<group>"; };
		FAF92C981EA8194F0070C5B2 /* PlaceTableViewCell.swift */ = {isa = PBXFileReference; fileEncoding = 4; lastKnownFileType = sourcecode.swift; path = PlaceTableViewCell.swift; sourceTree = "<group>"; };
/* End PBXFileReference section */

/* Begin PBXFrameworksBuildPhase section */
		FAF0C9331E5676B900C5E52B /* Frameworks */ = {
			isa = PBXFrameworksBuildPhase;
			buildActionMask = 2147483647;
			files = (
			);
			runOnlyForDeploymentPostprocessing = 0;
		};
		FAF0C9471E5676B900C5E52B /* Frameworks */ = {
			isa = PBXFrameworksBuildPhase;
			buildActionMask = 2147483647;
			files = (
			);
			runOnlyForDeploymentPostprocessing = 0;
		};
		FAF0C9521E5676B900C5E52B /* Frameworks */ = {
			isa = PBXFrameworksBuildPhase;
			buildActionMask = 2147483647;
			files = (
			);
			runOnlyForDeploymentPostprocessing = 0;
		};
/* End PBXFrameworksBuildPhase section */

/* Begin PBXGroup section */
		FAF0C92D1E5676B900C5E52B = {
			isa = PBXGroup;
			children = (
				FAF0C9381E5676B900C5E52B /* map-search */,
				FAF0C94D1E5676B900C5E52B /* map-searchTests */,
				FAF0C9581E5676B900C5E52B /* map-searchUITests */,
				FAF0C9371E5676B900C5E52B /* Products */,
			);
			sourceTree = "<group>";
		};
		FAF0C9371E5676B900C5E52B /* Products */ = {
			isa = PBXGroup;
			children = (
				FAF0C9361E5676B900C5E52B /* map-search.app */,
				FAF0C94A1E5676B900C5E52B /* map-searchTests.xctest */,
				FAF0C9551E5676B900C5E52B /* map-searchUITests.xctest */,
			);
			name = Products;
			sourceTree = "<group>";
		};
		FAF0C9381E5676B900C5E52B /* map-search */ = {
			isa = PBXGroup;
			children = (
				FAF0C9391E5676B900C5E52B /* AppDelegate.swift */,
				FAF0C93B1E5676B900C5E52B /* ViewController.swift */,
				FAF0C93D1E5676B900C5E52B /* Main.storyboard */,
				FAF0C9401E5676B900C5E52B /* Assets.xcassets */,
				FAF0C9421E5676B900C5E52B /* LaunchScreen.storyboard */,
				FAF0C9451E5676B900C5E52B /* Info.plist */,
				FAF0C9671E56792400C5E52B /* MapViewController.swift */,
				FA59C9921E79CF38005A0BDA /* TabBarController.swift */,
				FA59C9941E79D25A005A0BDA /* RegisterController.swift */,
				FA59C9961E79D272005A0BDA /* LogInController.swift */,
				FA57E45F1E7B551F00FB36D3 /* AddFeatureController.swift */,
				FAF92C981EA8194F0070C5B2 /* PlaceTableViewCell.swift */,
				FAA45A281F54B32800E6E78C /* Place.swift */,
				FAA45A2A1F54ECC700E6E78C /* RatingControl.swift */,
				FA7613E11F5DD0C80033026F /* PlaceViewController.swift */,
				FAC8119A1F5E461D00F1D9C3 /* PlaceAnnotation.swift */,
			);
			path = "map-search";
			sourceTree = "<group>";
		};
		FAF0C94D1E5676B900C5E52B /* map-searchTests */ = {
			isa = PBXGroup;
			children = (
				FAF0C94E1E5676B900C5E52B /* map_searchTests.swift */,
				FAF0C9501E5676B900C5E52B /* Info.plist */,
			);
			path = "map-searchTests";
			sourceTree = "<group>";
		};
		FAF0C9581E5676B900C5E52B /* map-searchUITests */ = {
			isa = PBXGroup;
			children = (
				FAF0C9591E5676B900C5E52B /* map_searchUITests.swift */,
				FAF0C95B1E5676B900C5E52B /* Info.plist */,
			);
			path = "map-searchUITests";
			sourceTree = "<group>";
		};
/* End PBXGroup section */

/* Begin PBXNativeTarget section */
		FAF0C9351E5676B900C5E52B /* map-search */ = {
			isa = PBXNativeTarget;
			buildConfigurationList = FAF0C95E1E5676B900C5E52B /* Build configuration list for PBXNativeTarget "map-search" */;
			buildPhases = (
				FAF0C9321E5676B900C5E52B /* Sources */,
				FAF0C9331E5676B900C5E52B /* Frameworks */,
				FAF0C9341E5676B900C5E52B /* Resources */,
			);
			buildRules = (
			);
			dependencies = (
			);
			name = "map-search";
			productName = "map-search";
			productReference = FAF0C9361E5676B900C5E52B /* map-search.app */;
			productType = "com.apple.product-type.application";
		};
		FAF0C9491E5676B900C5E52B /* map-searchTests */ = {
			isa = PBXNativeTarget;
			buildConfigurationList = FAF0C9611E5676B900C5E52B /* Build configuration list for PBXNativeTarget "map-searchTests" */;
			buildPhases = (
				FAF0C9461E5676B900C5E52B /* Sources */,
				FAF0C9471E5676B900C5E52B /* Frameworks */,
				FAF0C9481E5676B900C5E52B /* Resources */,
			);
			buildRules = (
			);
			dependencies = (
				FAF0C94C1E5676B900C5E52B /* PBXTargetDependency */,
			);
			name = "map-searchTests";
			productName = "map-searchTests";
			productReference = FAF0C94A1E5676B900C5E52B /* map-searchTests.xctest */;
			productType = "com.apple.product-type.bundle.unit-test";
		};
		FAF0C9541E5676B900C5E52B /* map-searchUITests */ = {
			isa = PBXNativeTarget;
			buildConfigurationList = FAF0C9641E5676B900C5E52B /* Build configuration list for PBXNativeTarget "map-searchUITests" */;
			buildPhases = (
				FAF0C9511E5676B900C5E52B /* Sources */,
				FAF0C9521E5676B900C5E52B /* Frameworks */,
				FAF0C9531E5676B900C5E52B /* Resources */,
			);
			buildRules = (
			);
			dependencies = (
				FAF0C9571E5676B900C5E52B /* PBXTargetDependency */,
			);
			name = "map-searchUITests";
			productName = "map-searchUITests";
			productReference = FAF0C9551E5676B900C5E52B /* map-searchUITests.xctest */;
			productType = "com.apple.product-type.bundle.ui-testing";
		};
/* End PBXNativeTarget section */

/* Begin PBXProject section */
		FAF0C92E1E5676B900C5E52B /* Project object */ = {
			isa = PBXProject;
			attributes = {
				LastSwiftUpdateCheck = 0810;
				LastUpgradeCheck = 0830;
				ORGANIZATIONNAME = "Rodrigo Velazquez";
				TargetAttributes = {
					FAF0C9351E5676B900C5E52B = {
						CreatedOnToolsVersion = 8.1;
						DevelopmentTeam = QUWN7GALHC;
						ProvisioningStyle = Automatic;
					};
					FAF0C9491E5676B900C5E52B = {
						CreatedOnToolsVersion = 8.1;
						ProvisioningStyle = Automatic;
						TestTargetID = FAF0C9351E5676B900C5E52B;
					};
					FAF0C9541E5676B900C5E52B = {
						CreatedOnToolsVersion = 8.1;
						ProvisioningStyle = Automatic;
						TestTargetID = FAF0C9351E5676B900C5E52B;
					};
				};
			};
			buildConfigurationList = FAF0C9311E5676B900C5E52B /* Build configuration list for PBXProject "map-search" */;
			compatibilityVersion = "Xcode 3.2";
			developmentRegion = English;
			hasScannedForEncodings = 0;
			knownRegions = (
				en,
				Base,
			);
			mainGroup = FAF0C92D1E5676B900C5E52B;
			productRefGroup = FAF0C9371E5676B900C5E52B /* Products */;
			projectDirPath = "";
			projectRoot = "";
			targets = (
				FAF0C9351E5676B900C5E52B /* map-search */,
				FAF0C9491E5676B900C5E52B /* map-searchTests */,
				FAF0C9541E5676B900C5E52B /* map-searchUITests */,
			);
		};
/* End PBXProject section */

/* Begin PBXResourcesBuildPhase section */
		FAF0C9341E5676B900C5E52B /* Resources */ = {
			isa = PBXResourcesBuildPhase;
			buildActionMask = 2147483647;
			files = (
				FAF0C9441E5676B900C5E52B /* LaunchScreen.storyboard in Resources */,
				FAF0C9411E5676B900C5E52B /* Assets.xcassets in Resources */,
				FAF0C93F1E5676B900C5E52B /* Main.storyboard in Resources */,
			);
			runOnlyForDeploymentPostprocessing = 0;
		};
		FAF0C9481E5676B900C5E52B /* Resources */ = {
			isa = PBXResourcesBuildPhase;
			buildActionMask = 2147483647;
			files = (
			);
			runOnlyForDeploymentPostprocessing = 0;
		};
		FAF0C9531E5676B900C5E52B /* Resources */ = {
			isa = PBXResourcesBuildPhase;
			buildActionMask = 2147483647;
			files = (
			);
			runOnlyForDeploymentPostprocessing = 0;
		};
/* End PBXResourcesBuildPhase section */

/* Begin PBXSourcesBuildPhase section */
		FAF0C9321E5676B900C5E52B /* Sources */ = {
			isa = PBXSourcesBuildPhase;
			buildActionMask = 2147483647;
			files = (
				FA7613E21F5DD0C80033026F /* PlaceViewController.swift in Sources */,
				FA59C9951E79D25A005A0BDA /* RegisterController.swift in Sources */,
				FA59C9971E79D272005A0BDA /* LogInController.swift in Sources */,
				FAF0C93C1E5676B900C5E52B /* ViewController.swift in Sources */,
				FAC8119B1F5E461D00F1D9C3 /* PlaceAnnotation.swift in Sources */,
				FAF92C991EA8194F0070C5B2 /* PlaceTableViewCell.swift in Sources */,
				FA59C9931E79CF38005A0BDA /* TabBarController.swift in Sources */,
				FAA45A291F54B32800E6E78C /* Place.swift in Sources */,
				FAF0C9681E56792400C5E52B /* MapViewController.swift in Sources */,
				FAF0C93A1E5676B900C5E52B /* AppDelegate.swift in Sources */,
				FAA45A2B1F54ECC700E6E78C /* RatingControl.swift in Sources */,
				FA57E4601E7B551F00FB36D3 /* AddFeatureController.swift in Sources */,
			);
			runOnlyForDeploymentPostprocessing = 0;
		};
		FAF0C9461E5676B900C5E52B /* Sources */ = {
			isa = PBXSourcesBuildPhase;
			buildActionMask = 2147483647;
			files = (
				FAF0C94F1E5676B900C5E52B /* map_searchTests.swift in Sources */,
			);
			runOnlyForDeploymentPostprocessing = 0;
		};
		FAF0C9511E5676B900C5E52B /* Sources */ = {
			isa = PBXSourcesBuildPhase;
			buildActionMask = 2147483647;
			files = (
				FAF0C95A1E5676B900C5E52B /* map_searchUITests.swift in Sources */,
			);
			runOnlyForDeploymentPostprocessing = 0;
		};
/* End PBXSourcesBuildPhase section */

/* Begin PBXTargetDependency section */
		FAF0C94C1E5676B900C5E52B /* PBXTargetDependency */ = {
			isa = PBXTargetDependency;
			target = FAF0C9351E5676B900C5E52B /* map-search */;
			targetProxy = FAF0C94B1E5676B900C5E52B /* PBXContainerItemProxy */;
		};
		FAF0C9571E5676B900C5E52B /* PBXTargetDependency */ = {
			isa = PBXTargetDependency;
			target = FAF0C9351E5676B900C5E52B /* map-search */;
			targetProxy = FAF0C9561E5676B900C5E52B /* PBXContainerItemProxy */;
		};
/* End PBXTargetDependency section */

/* Begin PBXVariantGroup section */
		FAF0C93D1E5676B900C5E52B /* Main.storyboard */ = {
			isa = PBXVariantGroup;
			children = (
				FAF0C93E1E5676B900C5E52B /* Base */,
			);
			name = Main.storyboard;
			sourceTree = "<group>";
		};
		FAF0C9421E5676B900C5E52B /* LaunchScreen.storyboard */ = {
			isa = PBXVariantGroup;
			children = (
				FAF0C9431E5676B900C5E52B /* Base */,
			);
			name = LaunchScreen.storyboard;
			sourceTree = "<group>";
		};
/* End PBXVariantGroup section */

/* Begin XCBuildConfiguration section */
		FAF0C95C1E5676B900C5E52B /* Debug */ = {
			isa = XCBuildConfiguration;
			buildSettings = {
				ALWAYS_SEARCH_USER_PATHS = NO;
				CLANG_ANALYZER_NONNULL = YES;
				CLANG_CXX_LANGUAGE_STANDARD = "gnu++0x";
				CLANG_CXX_LIBRARY = "libc++";
				CLANG_ENABLE_MODULES = YES;
				CLANG_ENABLE_OBJC_ARC = YES;
				CLANG_WARN_BOOL_CONVERSION = YES;
				CLANG_WARN_CONSTANT_CONVERSION = YES;
				CLANG_WARN_DIRECT_OBJC_ISA_USAGE = YES_ERROR;
				CLANG_WARN_DOCUMENTATION_COMMENTS = YES;
				CLANG_WARN_EMPTY_BODY = YES;
				CLANG_WARN_ENUM_CONVERSION = YES;
				CLANG_WARN_INFINITE_RECURSION = YES;
				CLANG_WARN_INT_CONVERSION = YES;
				CLANG_WARN_OBJC_ROOT_CLASS = YES_ERROR;
				CLANG_WARN_SUSPICIOUS_MOVE = YES;
				CLANG_WARN_SUSPICIOUS_MOVES = YES;
				CLANG_WARN_UNREACHABLE_CODE = YES;
				CLANG_WARN__DUPLICATE_METHOD_MATCH = YES;
				"CODE_SIGN_IDENTITY[sdk=iphoneos*]" = "iPhone Developer";
				COPY_PHASE_STRIP = NO;
				DEBUG_INFORMATION_FORMAT = dwarf;
				ENABLE_STRICT_OBJC_MSGSEND = YES;
				ENABLE_TESTABILITY = YES;
				GCC_C_LANGUAGE_STANDARD = gnu99;
				GCC_DYNAMIC_NO_PIC = NO;
				GCC_NO_COMMON_BLOCKS = YES;
				GCC_OPTIMIZATION_LEVEL = 0;
				GCC_PREPROCESSOR_DEFINITIONS = (
					"DEBUG=1",
					"$(inherited)",
				);
				GCC_WARN_64_TO_32_BIT_CONVERSION = YES;
				GCC_WARN_ABOUT_RETURN_TYPE = YES_ERROR;
				GCC_WARN_UNDECLARED_SELECTOR = YES;
				GCC_WARN_UNINITIALIZED_AUTOS = YES_AGGRESSIVE;
				GCC_WARN_UNUSED_FUNCTION = YES;
				GCC_WARN_UNUSED_VARIABLE = YES;
				IPHONEOS_DEPLOYMENT_TARGET = 10.1;
				MTL_ENABLE_DEBUG_INFO = YES;
				ONLY_ACTIVE_ARCH = YES;
				SDKROOT = iphoneos;
				SWIFT_ACTIVE_COMPILATION_CONDITIONS = DEBUG;
				SWIFT_OPTIMIZATION_LEVEL = "-Onone";
				TARGETED_DEVICE_FAMILY = "1,2";
			};
			name = Debug;
		};
		FAF0C95D1E5676B900C5E52B /* Release */ = {
			isa = XCBuildConfiguration;
			buildSettings = {
				ALWAYS_SEARCH_USER_PATHS = NO;
				CLANG_ANALYZER_NONNULL = YES;
				CLANG_CXX_LANGUAGE_STANDARD = "gnu++0x";
				CLANG_CXX_LIBRARY = "libc++";
				CLANG_ENABLE_MODULES = YES;
				CLANG_ENABLE_OBJC_ARC = YES;
				CLANG_WARN_BOOL_CONVERSION = YES;
				CLANG_WARN_CONSTANT_CONVERSION = YES;
				CLANG_WARN_DIRECT_OBJC_ISA_USAGE = YES_ERROR;
				CLANG_WARN_DOCUMENTATION_COMMENTS = YES;
				CLANG_WARN_EMPTY_BODY = YES;
				CLANG_WARN_ENUM_CONVERSION = YES;
				CLANG_WARN_INFINITE_RECURSION = YES;
				CLANG_WARN_INT_CONVERSION = YES;
				CLANG_WARN_OBJC_ROOT_CLASS = YES_ERROR;
				CLANG_WARN_SUSPICIOUS_MOVE = YES;
				CLANG_WARN_SUSPICIOUS_MOVES = YES;
				CLANG_WARN_UNREACHABLE_CODE = YES;
				CLANG_WARN__DUPLICATE_METHOD_MATCH = YES;
				"CODE_SIGN_IDENTITY[sdk=iphoneos*]" = "iPhone Developer";
				COPY_PHASE_STRIP = NO;
				DEBUG_INFORMATION_FORMAT = "dwarf-with-dsym";
				ENABLE_NS_ASSERTIONS = NO;
				ENABLE_STRICT_OBJC_MSGSEND = YES;
				GCC_C_LANGUAGE_STANDARD = gnu99;
				GCC_NO_COMMON_BLOCKS = YES;
				GCC_WARN_64_TO_32_BIT_CONVERSION = YES;
				GCC_WARN_ABOUT_RETURN_TYPE = YES_ERROR;
				GCC_WARN_UNDECLARED_SELECTOR = YES;
				GCC_WARN_UNINITIALIZED_AUTOS = YES_AGGRESSIVE;
				GCC_WARN_UNUSED_FUNCTION = YES;
				GCC_WARN_UNUSED_VARIABLE = YES;
				IPHONEOS_DEPLOYMENT_TARGET = 10.1;
				MTL_ENABLE_DEBUG_INFO = NO;
				SDKROOT = iphoneos;
				SWIFT_OPTIMIZATION_LEVEL = "-Owholemodule";
				TARGETED_DEVICE_FAMILY = "1,2";
				VALIDATE_PRODUCT = YES;
			};
			name = Release;
		};
		FAF0C95F1E5676B900C5E52B /* Debug */ = {
			isa = XCBuildConfiguration;
			buildSettings = {
				ASSETCATALOG_COMPILER_APPICON_NAME = AppIcon;
				"CODE_SIGN_IDENTITY[sdk=iphoneos*]" = "iPhone Developer";
				CODE_SIGN_STYLE = Automatic;
				DEVELOPMENT_TEAM = QUWN7GALHC;
				INFOPLIST_FILE = "map-search/Info.plist";
				IPHONEOS_DEPLOYMENT_TARGET = 10.1;
				LD_RUNPATH_SEARCH_PATHS = "$(inherited) @executable_path/Frameworks";
				PRODUCT_BUNDLE_IDENTIFIER = "mx.ipn.cic.Rodrigo.map-search";
				PRODUCT_NAME = "$(TARGET_NAME)";
				PROVISIONING_PROFILE_SPECIFIER = "";
				SWIFT_VERSION = 3.0;
				TARGETED_DEVICE_FAMILY = "1,2";
			};
			name = Debug;
		};
		FAF0C9601E5676B900C5E52B /* Release */ = {
			isa = XCBuildConfiguration;
			buildSettings = {
				ASSETCATALOG_COMPILER_APPICON_NAME = AppIcon;
				"CODE_SIGN_IDENTITY[sdk=iphoneos*]" = "iPhone Developer";
				CODE_SIGN_STYLE = Automatic;
				DEVELOPMENT_TEAM = QUWN7GALHC;
				INFOPLIST_FILE = "map-search/Info.plist";
				IPHONEOS_DEPLOYMENT_TARGET = 10.1;
				LD_RUNPATH_SEARCH_PATHS = "$(inherited) @executable_path/Frameworks";
				PRODUCT_BUNDLE_IDENTIFIER = "mx.ipn.cic.Rodrigo.map-search";
				PRODUCT_NAME = "$(TARGET_NAME)";
				PROVISIONING_PROFILE_SPECIFIER = "";
				SWIFT_VERSION = 3.0;
				TARGETED_DEVICE_FAMILY = "1,2";
			};
			name = Release;
		};
		FAF0C9621E5676B900C5E52B /* Debug */ = {
			isa = XCBuildConfiguration;
			buildSettings = {
				ALWAYS_EMBED_SWIFT_STANDARD_LIBRARIES = YES;
				BUNDLE_LOADER = "$(TEST_HOST)";
				INFOPLIST_FILE = "map-searchTests/Info.plist";
				LD_RUNPATH_SEARCH_PATHS = "$(inherited) @executable_path/Frameworks @loader_path/Frameworks";
				PRODUCT_BUNDLE_IDENTIFIER = "mx.ipn.cic.Rodrigo.map-searchTests";
				PRODUCT_NAME = "$(TARGET_NAME)";
				SWIFT_VERSION = 3.0;
				TEST_HOST = "$(BUILT_PRODUCTS_DIR)/map-search.app/map-search";
			};
			name = Debug;
		};
		FAF0C9631E5676B900C5E52B /* Release */ = {
			isa = XCBuildConfiguration;
			buildSettings = {
				ALWAYS_EMBED_SWIFT_STANDARD_LIBRARIES = YES;
				BUNDLE_LOADER = "$(TEST_HOST)";
				INFOPLIST_FILE = "map-searchTests/Info.plist";
				LD_RUNPATH_SEARCH_PATHS = "$(inherited) @executable_path/Frameworks @loader_path/Frameworks";
				PRODUCT_BUNDLE_IDENTIFIER = "mx.ipn.cic.Rodrigo.map-searchTests";
				PRODUCT_NAME = "$(TARGET_NAME)";
				SWIFT_VERSION = 3.0;
				TEST_HOST = "$(BUILT_PRODUCTS_DIR)/map-search.app/map-search";
			};
			name = Release;
		};
		FAF0C9651E5676B900C5E52B /* Debug */ = {
			isa = XCBuildConfiguration;
			buildSettings = {
				ALWAYS_EMBED_SWIFT_STANDARD_LIBRARIES = YES;
				INFOPLIST_FILE = "map-searchUITests/Info.plist";
				LD_RUNPATH_SEARCH_PATHS = "$(inherited) @executable_path/Frameworks @loader_path/Frameworks";
				PRODUCT_BUNDLE_IDENTIFIER = "mx.ipn.cic.Rodrigo.map-searchUITests";
				PRODUCT_NAME = "$(TARGET_NAME)";
				SWIFT_VERSION = 3.0;
				TEST_TARGET_NAME = "map-search";
			};
			name = Debug;
		};
		FAF0C9661E5676B900C5E52B /* Release */ = {
			isa = XCBuildConfiguration;
			buildSettings = {
				ALWAYS_EMBED_SWIFT_STANDARD_LIBRARIES = YES;
				INFOPLIST_FILE = "map-searchUITests/Info.plist";
				LD_RUNPATH_SEARCH_PATHS = "$(inherited) @executable_path/Frameworks @loader_path/Frameworks";
				PRODUCT_BUNDLE_IDENTIFIER = "mx.ipn.cic.Rodrigo.map-searchUITests";
				PRODUCT_NAME = "$(TARGET_NAME)";
				SWIFT_VERSION = 3.0;
				TEST_TARGET_NAME = "map-search";
			};
			name = Release;
		};
/* End XCBuildConfiguration section */

/* Begin XCConfigurationList section */
		FAF0C9311E5676B900C5E52B /* Build configuration list for PBXProject "map-search" */ = {
			isa = XCConfigurationList;
			buildConfigurations = (
				FAF0C95C1E5676B900C5E52B /* Debug */,
				FAF0C95D1E5676B900C5E52B /* Release */,
			);
			defaultConfigurationIsVisible = 0;
			defaultConfigurationName = Release;
		};
		FAF0C95E1E5676B900C5E52B /* Build configuration list for PBXNativeTarget "map-search" */ = {
			isa = XCConfigurationList;
			buildConfigurations = (
				FAF0C95F1E5676B900C5E52B /* Debug */,
				FAF0C9601E5676B900C5E52B /* Release */,
			);
			defaultConfigurationIsVisible = 0;
			defaultConfigurationName = Release;
		};
		FAF0C9611E5676B900C5E52B /* Build configuration list for PBXNativeTarget "map-searchTests" */ = {
			isa = XCConfigurationList;
			buildConfigurations = (
				FAF0C9621E5676B900C5E52B /* Debug */,
				FAF0C9631E5676B900C5E52B /* Release */,
			);
			defaultConfigurationIsVisible = 0;
			defaultConfigurationName = Release;
		};
		FAF0C9641E5676B900C5E52B /* Build configuration list for PBXNativeTarget "map-searchUITests" */ = {
			isa = XCConfigurationList;
			buildConfigurations = (
				FAF0C9651E5676B900C5E52B /* Debug */,
				FAF0C9661E5676B900C5E52B /* Release */,
			);
			defaultConfigurationIsVisible = 0;
			defaultConfigurationName = Release;
		};
/* End XCConfigurationList section */
	};
	rootObject = FAF0C92E1E5676B900C5E52B /* Project object */;
}
